
Microsoft Visual Studio Solution File, Format Version 12.00
# Visual Studio Version 17
VisualStudioVersion = 17.9.34701.34
MinimumVisualStudioVersion = 10.0.40219.1
Project("{FAE04EC0-301F-11D3-BF4B-00C04F79EFBC}") = "TagumpayPokemon", "TagumpayPokemon\TagumpayPokemon.csproj", "{8AB82554-F492-4259-822C-B341F01C07FD}"
EndProject
Global
	GlobalSection(SolutionConfigurationPlatforms) = preSolution
		Debug|Any CPU = Debug|Any CPU
		Release|Any CPU = Release|Any CPU
	EndGlobalSection
	GlobalSection(ProjectConfigurationPlatforms) = postSolution
		{8AB82554-F492-4259-822C-B341F01C07FD}.Debug|Any CPU.ActiveCfg = Debug|Any CPU
		{8AB82554-F492-4259-822C-B341F01C07FD}.Debug|Any CPU.Build.0 = Debug|Any CPU
		{8AB82554-F492-4259-822C-B341F01C07FD}.Release|Any CPU.ActiveCfg = Release|Any CPU
		{8AB82554-F492-4259-822C-B341F01C07FD}.Release|Any CPU.Build.0 = Release|Any CPU
	EndGlobalSection
	GlobalSection(SolutionProperties) = preSolution
		HideSolutionNode = FALSE
	EndGlobalSection
	GlobalSection(ExtensibilityGlobals) = postSolution
		SolutionGuid = {D53A615A-0E7F-4ED5-98FD-281137FB10E9}
	EndGlobalSection
EndGlobal
